{
  "name": "knighthacks2024",
  "version": "1.0.0",
  "lockfileVersion": 3,
  "requires": true,
  "packages": {
    "": {
      "name": "knighthacks2024",
      "version": "1.0.0",
      "license": "ISC",
      "dependencies": {
        "convert-unicode-fonts": "^1.0.1"
      }
    },
    "node_modules/camelcase": {
      "version": "4.1.0",
      "resolved": "https://registry.npmjs.org/camelcase/-/camelcase-4.1.0.tgz",
      "integrity": "sha512-FxAv7HpHrXbh3aPo4o2qxHay2lkLY3x5Mw3KeE4KQE8ysVfziWeRZDwcjauvwBSGEC/nXUPzZy8zeh4HokqOnw==",
      "license": "MIT",
      "engines": {
        "node": ">=4"
      }
    },
    "node_modules/convert-unicode-fonts": {
      "version": "1.0.1",
      "resolved": "https://registry.npmjs.org/convert-unicode-fonts/-/convert-unicode-fonts-1.0.1.tgz",
      "integrity": "sha512-ScVpoxkhCyFuPRSb/721ON3ROyBuAGLu90p6HLdf+uvKZ8RJlYLUAs8XHQQMacVrted7KKmk+mjvX/YtFseyqg==",
      "license": "MIT",
      "dependencies": {
        "yargs-parser": "^10.1.0"
      }
    },
    "node_modules/yargs-parser": {
      "version": "10.1.0",
      "resolved": "https://registry.npmjs.org/yargs-parser/-/yargs-parser-10.1.0.tgz",
      "integrity": "sha512-VCIyR1wJoEBZUqk5PA+oOBF6ypbwh5aNB3I50guxAL/quggdfs4TtNHQrSazFA3fYZ+tEqfs0zIGlv0c/rgjbQ==",
      "license": "ISC",
      "dependencies": {
        "camelcase": "^4.1.0"
      }
    }
  }
}
